
Microsoft Visual Studio Solution File, Format Version 12.00
# Visual Studio Version 17
VisualStudioVersion = 17.4.33213.308
MinimumVisualStudioVersion = 10.0.40219.1
Project("{FAE04EC0-301F-11D3-BF4B-00C04F79EFBC}") = "Deliverable(2)", "Deliverable(2)\Deliverable(2).csproj", "{12A59524-8069-4A3F-9B08-E83D3CC07A00}"
EndProject
Global
	GlobalSection(SolutionConfigurationPlatforms) = preSolution
		Debug|Any CPU = Debug|Any CPU
		Release|Any CPU = Release|Any CPU
	EndGlobalSection
	GlobalSection(ProjectConfigurationPlatforms) = postSolution
		{12A59524-8069-4A3F-9B08-E83D3CC07A00}.Debug|Any CPU.ActiveCfg = Debug|Any CPU
		{12A59524-8069-4A3F-9B08-E83D3CC07A00}.Debug|Any CPU.Build.0 = Debug|Any CPU
		{12A59524-8069-4A3F-9B08-E83D3CC07A00}.Release|Any CPU.ActiveCfg = Release|Any CPU
		{12A59524-8069-4A3F-9B08-E83D3CC07A00}.Release|Any CPU.Build.0 = Release|Any CPU
	EndGlobalSection
	GlobalSection(SolutionProperties) = preSolution
		HideSolutionNode = FALSE
	EndGlobalSection
	GlobalSection(ExtensibilityGlobals) = postSolution
		SolutionGuid = {0F7FC082-BCBB-45D5-987D-5A4EEA38BBE5}
	EndGlobalSection
EndGlobal
